
Microsoft Visual Studio Solution File, Format Version 12.00
# Visual Studio Version 17
VisualStudioVersion = 17.8.34511.84
MinimumVisualStudioVersion = 10.0.40219.1
Project("{9A19103F-16F7-4668-BE54-9A1E7A4F7556}") = "PAWNET", "PAWNET.csproj", "{AC6EA3DF-9EF4-40F8-AF9A-28F98540A282}"
EndProject
Global
	GlobalSection(SolutionConfigurationPlatforms) = preSolution
		Debug|Any CPU = Debug|Any CPU
		Release|Any CPU = Release|Any CPU
	EndGlobalSection
	GlobalSection(ProjectConfigurationPlatforms) = postSolution
		{AC6EA3DF-9EF4-40F8-AF9A-28F98540A282}.Debug|Any CPU.ActiveCfg = Debug|Any CPU
		{AC6EA3DF-9EF4-40F8-AF9A-28F98540A282}.Debug|Any CPU.Build.0 = Debug|Any CPU
		{AC6EA3DF-9EF4-40F8-AF9A-28F98540A282}.Release|Any CPU.ActiveCfg = Release|Any CPU
		{AC6EA3DF-9EF4-40F8-AF9A-28F98540A282}.Release|Any CPU.Build.0 = Release|Any CPU
	EndGlobalSection
	GlobalSection(SolutionProperties) = preSolution
		HideSolutionNode = FALSE
	EndGlobalSection
	GlobalSection(ExtensibilityGlobals) = postSolution
		SolutionGuid = {BE0B3DD6-A08C-4165-BC6C-57E5B3E56277}
	EndGlobalSection
EndGlobal
